# This file is autogenerated, do not edit; changes may be undone by the next 'dep ensure'.


[[projects]]
  name = "github.com/Noah-Huppert/golog"
  packages = ["."]
  revision = "7d5d952cd9f60a4a6effcf3f756b35facc0b8bbd"
  version = "1.0.0"

[[projects]]
  name = "github.com/kelseyhightower/envconfig"
  packages = ["."]
  revision = "f611eb38b3875cc3bd991ca91c51d06446afa14c"
  version = "v1.3.0"

[solve-meta]
  analyzer-name = "dep"
  analyzer-version = 1
  inputs-digest = "17a2a1d64a0c077c28e62980cd4873218a42c3fefc99f1cda68e92e56ba0f0aa"
  solver-name = "gps-cdcl"
  solver-version = 1
